
Microsoft Visual Studio Solution File, Format Version 12.00
# Visual Studio Version 17
VisualStudioVersion = 17.10.35013.160
MinimumVisualStudioVersion = 10.0.40219.1
Project("{FAE04EC0-301F-11D3-BF4B-00C04F79EFBC}") = "PDFReader_winforms", "PDFReader_winforms\PDFReader_winforms.csproj", "{C2374D73-83C1-4FC7-A116-6E708D04CEA0}"
EndProject
Global
	GlobalSection(SolutionConfigurationPlatforms) = preSolution
		Debug|Any CPU = Debug|Any CPU
		Release|Any CPU = Release|Any CPU
	EndGlobalSection
	GlobalSection(ProjectConfigurationPlatforms) = postSolution
		{C2374D73-83C1-4FC7-A116-6E708D04CEA0}.Debug|Any CPU.ActiveCfg = Debug|Any CPU
		{C2374D73-83C1-4FC7-A116-6E708D04CEA0}.Debug|Any CPU.Build.0 = Debug|Any CPU
		{C2374D73-83C1-4FC7-A116-6E708D04CEA0}.Release|Any CPU.ActiveCfg = Release|Any CPU
		{C2374D73-83C1-4FC7-A116-6E708D04CEA0}.Release|Any CPU.Build.0 = Release|Any CPU
	EndGlobalSection
	GlobalSection(SolutionProperties) = preSolution
		HideSolutionNode = FALSE
	EndGlobalSection
	GlobalSection(ExtensibilityGlobals) = postSolution
		SolutionGuid = {480D6778-2373-4A74-BAC3-A7BC21B0E719}
	EndGlobalSection
EndGlobal
